GEM
  remote: https://rubygems.org/
  specs:
    actionmailer (4.2.0)
      actionpack (= 4.2.0)
      actionview (= 4.2.0)
      activejob (= 4.2.0)
      mail (~> 2.5, >= 2.5.4)
      rails-dom-testing (~> 1.0, >= 1.0.5)
    actionpack (4.2.0)
      actionview (= 4.2.0)
      activesupport (= 4.2.0)
      rack (~> 1.6.0)
      rack-test (~> 0.6.2)
      rails-dom-testing (~> 1.0, >= 1.0.5)
      rails-html-sanitizer (~> 1.0, >= 1.0.1)
    actionview (4.2.0)
      activesupport (= 4.2.0)
      builder (~> 3.1)
      erubis (~> 2.7.0)
      rails-dom-testing (~> 1.0, >= 1.0.5)
      rails-html-sanitizer (~> 1.0, >= 1.0.1)
    activejob (4.2.0)
      activesupport (= 4.2.0)
      globalid (>= 0.3.0)
    activemodel (4.2.0)
      activesupport (= 4.2.0)
      builder (~> 3.1)
    activerecord (4.2.0)
      activemodel (= 4.2.0)
      activesupport (= 4.2.0)
      arel (~> 6.0)
    activesupport (4.2.0)
      i18n (~> 0.7)
      json (~> 1.7, >= 1.7.7)
      minitest (~> 5.1)
      thread_safe (~> 0.3, >= 0.3.4)
      tzinfo (~> 1.1)
    addressable (2.4.0)
    arel (6.0.3)
    ast (2.1.0)
    astrolabe (1.3.1)
      parser (~> 2.2)
    awesome_print (1.6.1)
    better_errors (2.1.1)
      coderay (>= 1.0.0)
      erubis (>= 2.6.6)
      rack (>= 0.9.0)
    binding_of_caller (0.7.2)
      debug_inspector (>= 0.0.1)
    brakeman (3.1.3)
      erubis (~> 2.6)
      fastercsv (~> 1.5)
      haml (>= 3.0, < 5.0)
      highline (>= 1.6.20, < 2.0)
      multi_json (~> 1.2)
      ruby2ruby (>= 2.1.1, < 2.3.0)
      ruby_parser (~> 3.7.0)
      safe_yaml (>= 1.0)
      sass (~> 3.0)
      slim (>= 1.3.6, < 4.0)
      terminal-table (~> 1.4)
    bson (4.0.0)
    bson_ext (1.5.1)
    builder (3.2.2)
    bullet (4.14.10)
      activesupport (>= 3.0.0)
      uniform_notifier (~> 1.9.0)
    byebug (8.2.1)
    chunky_png (1.3.5)
    ci_reporter (2.0.0)
      builder (>= 2.1.2)
    ci_reporter_rspec (1.0.0)
      ci_reporter (~> 2.0)
      rspec (>= 2.14, < 4)
    coderay (1.1.0)
    compass (1.0.3)
      chunky_png (~> 1.2)
      compass-core (~> 1.0.2)
      compass-import-once (~> 1.0.5)
      rb-fsevent (>= 0.9.3)
      rb-inotify (>= 0.9)
      sass (>= 3.3.13, < 3.5)
    compass-core (1.0.3)
      multi_json (~> 1.0)
      sass (>= 3.3.0, < 3.5)
    compass-import-once (1.0.5)
      sass (>= 3.2, < 3.5)
    compass-rails (2.0.5)
      compass (~> 1.0.0)
      sass-rails (< 5.1)
      sprockets (< 2.13)
    crack (0.4.3)
      safe_yaml (~> 1.0.0)
    daemons (1.2.3)
    debug_inspector (0.0.2)
    diff-lcs (1.2.5)
    docile (1.1.5)
    dotenv (2.0.2)
    dotenv-rails (2.0.2)
      dotenv (= 2.0.2)
      railties (~> 4.0)
    draper (2.1.0)
      actionpack (>= 3.0)
      activemodel (>= 3.0)
      activesupport (>= 3.0)
      request_store (~> 1.0)
    erubis (2.7.0)
    escape_utils (1.0.1)
    eventmachine (1.0.8)
    execjs (2.6.0)
    factory_girl (4.5.0)
      activesupport (>= 3.0.0)
    factory_girl_rails (4.5.0)
      factory_girl (~> 4.5.0)
      railties (>= 3.0.0)
    faker (1.6.1)
      i18n (~> 0.5)
    faraday (0.9.2)
      multipart-post (>= 1.2, < 3)
    faraday_middleware (0.10.0)
      faraday (>= 0.7.4, < 0.10)
    fastercsv (1.5.5)
    faye-websocket (0.9.2)
      eventmachine (>= 0.12.0)
      websocket-driver (>= 0.5.1)
    ffi (1.9.10)
    font-awesome-sass (4.5.0)
      sass (>= 3.2)
    formatador (0.2.5)
    gemoji (2.1.0)
    globalid (0.3.6)
      activesupport (>= 4.1.0)
    growl (1.0.3)
    guard (2.13.0)
      formatador (>= 0.2.4)
      listen (>= 2.7, <= 4.0)
      lumberjack (~> 1.0)
      nenv (~> 0.1)
      notiffany (~> 0.0)
      pry (>= 0.9.12)
      shellany (~> 0.0)
      thor (>= 0.18.1)
    guard-brakeman (0.8.3)
      brakeman (>= 2.1.1)
      guard (>= 2.0.0)
    guard-bundler (2.1.0)
      bundler (~> 1.0)
      guard (~> 2.2)
      guard-compat (~> 1.1)
    guard-compat (1.2.1)
    guard-rspec (4.6.4)
      guard (~> 2.1)
      guard-compat (~> 1.1)
      rspec (>= 2.99.0, < 4.0)
    guard-rubocop (1.2.0)
      guard (~> 2.0)
      rubocop (~> 0.20)
    haml (4.0.7)
      tilt
    hashdiff (0.2.3)
    hashie (3.4.3)
    highline (1.7.8)
    hike (1.2.3)
    html-pipeline (1.11.0)
      activesupport (>= 2)
      nokogiri (~> 1.4)
    http_accept_language (2.0.5)
    i18n (0.7.0)
    ikazuchi (0.1.7)
      awesome_print
      better_errors
      binding_of_caller
      brakeman
      bullet
      ci_reporter_rspec
      factory_girl_rails
      growl
      guard
      guard-brakeman
      guard-bundler
      guard-rspec
      guard-rubocop
      http_accept_language
      kaminari
      libnotify
      pry
      pry-byebug
      pry-doc
      pry-rails
      pry-stack_explorer
      quiet_assets
      rack-mini-profiler
      rspec-its
      rspec-rails
      rubocop
      simplecov
      simplecov-rcov
      spring
      spring-commands-rspec
      tapp
      webmock
    jquery-rails (4.0.5)
      rails-dom-testing (~> 1.0)
      railties (>= 4.2.0)
      thor (>= 0.14, < 2.0)
    json (1.8.3)
    jwt (1.5.2)
    kaminari (0.16.3)
      actionpack (>= 3.0.0)
      activesupport (>= 3.0.0)
    libnotify (0.9.1)
      ffi (>= 1.0.11)
    libv8 (3.16.14.13)
    listen (3.0.5)
      rb-fsevent (>= 0.9.3)
      rb-inotify (>= 0.9)
    loofah (2.0.3)
      nokogiri (>= 1.5.9)
    lumberjack (1.0.9)
    mail (2.6.3)
      mime-types (>= 1.16, < 3)
    method_source (0.8.2)
    mime-types (2.99)
    mini_portile2 (2.0.0)
    minitest (5.8.3)
    mongo (2.2.1)
      bson (~> 4.0)
    mongoid (5.0.1)
      activemodel (~> 4.0)
      mongo (~> 2.1)
      origin (~> 2.1)
      tzinfo (>= 0.3.37)
    multi_json (1.11.2)
    multi_xml (0.5.5)
    multipart-post (2.0.0)
    nenv (0.2.0)
    nokogiri (1.6.7)
      mini_portile2 (~> 2.0.0.rc2)
    notiffany (0.0.8)
      nenv (~> 0.1)
      shellany (~> 0.0)
    oauth2 (1.0.0)
      faraday (>= 0.8, < 0.10)
      jwt (~> 1.0)
      multi_json (~> 1.3)
      multi_xml (~> 0.5)
      rack (~> 1.2)
    omniauth (1.2.2)
      hashie (>= 1.2, < 4)
      rack (~> 1.0)
    omniauth-oauth2 (1.3.1)
      oauth2 (~> 1.0)
      omniauth (~> 1.2)
    omniauth-slack (2.2.0)
      omniauth-oauth2 (~> 1.3.1)
    origin (2.1.1)
    parser (2.2.3.0)
      ast (>= 1.1, < 3.0)
    powerpack (0.1.1)
    pry (0.10.3)
      coderay (~> 1.1.0)
      method_source (~> 0.8.1)
      slop (~> 3.4)
    pry-byebug (3.3.0)
      byebug (~> 8.0)
      pry (~> 0.10)
    pry-doc (0.8.0)
      pry (~> 0.9)
      yard (~> 0.8)
    pry-rails (0.3.4)
      pry (>= 0.9.10)
    pry-stack_explorer (0.4.9.2)
      binding_of_caller (>= 0.7)
      pry (>= 0.9.11)
    puma (2.15.3)
    quiet_assets (1.1.0)
      railties (>= 3.1, < 5.0)
    rack (1.6.4)
    rack-mini-profiler (0.9.8)
      rack (>= 1.1.3)
    rack-test (0.6.3)
      rack (>= 1.0)
    rails (4.2.0)
      actionmailer (= 4.2.0)
      actionpack (= 4.2.0)
      actionview (= 4.2.0)
      activejob (= 4.2.0)
      activemodel (= 4.2.0)
      activerecord (= 4.2.0)
      activesupport (= 4.2.0)
      bundler (>= 1.3.0, < 2.0)
      railties (= 4.2.0)
      sprockets-rails
    rails-deprecated_sanitizer (1.0.3)
      activesupport (>= 4.2.0.alpha)
    rails-dom-testing (1.0.7)
      activesupport (>= 4.2.0.beta, < 5.0)
      nokogiri (~> 1.6.0)
      rails-deprecated_sanitizer (>= 1.0.1)
    rails-html-sanitizer (1.0.2)
      loofah (~> 2.0)
    rails-i18n (4.0.7)
      i18n (~> 0.7)
      railties (~> 4.0)
    rails_12factor (0.0.3)
      rails_serve_static_assets
      rails_stdout_logging
    rails_serve_static_assets (0.0.4)
    rails_stdout_logging (0.0.4)
    railties (4.2.0)
      actionpack (= 4.2.0)
      activesupport (= 4.2.0)
      rake (>= 0.8.7)
      thor (>= 0.18.1, < 2.0)
    rainbow (2.0.0)
    rake (10.4.2)
    rb-fsevent (0.9.6)
    rb-inotify (0.9.5)
      ffi (>= 0.5.0)
    redis (3.2.2)
    redis-actionpack (4.0.1)
      actionpack (~> 4)
      redis-rack (~> 1.5.0)
      redis-store (~> 1.1.0)
    redis-activesupport (4.1.5)
      activesupport (>= 3, < 5)
      redis-store (~> 1.1.0)
    redis-rack (1.5.0)
      rack (~> 1.5)
      redis-store (~> 1.1.0)
    redis-rails (4.0.0)
      redis-actionpack (~> 4)
      redis-activesupport (~> 4)
      redis-store (~> 1.1.0)
    redis-store (1.1.7)
      redis (>= 2.2)
    ref (2.0.0)
    request_store (1.2.1)
    rspec (3.4.0)
      rspec-core (~> 3.4.0)
      rspec-expectations (~> 3.4.0)
      rspec-mocks (~> 3.4.0)
    rspec-core (3.4.1)
      rspec-support (~> 3.4.0)
    rspec-expectations (3.4.0)
      diff-lcs (>= 1.2.0, < 2.0)
      rspec-support (~> 3.4.0)
    rspec-its (1.2.0)
      rspec-core (>= 3.0.0)
      rspec-expectations (>= 3.0.0)
    rspec-mocks (3.4.0)
      diff-lcs (>= 1.2.0, < 2.0)
      rspec-support (~> 3.4.0)
    rspec-rails (3.4.0)
      actionpack (>= 3.0, < 4.3)
      activesupport (>= 3.0, < 4.3)
      railties (>= 3.0, < 4.3)
      rspec-core (~> 3.4.0)
      rspec-expectations (~> 3.4.0)
      rspec-mocks (~> 3.4.0)
      rspec-support (~> 3.4.0)
    rspec-support (3.4.1)
    rubocop (0.35.1)
      astrolabe (~> 1.3)
      parser (>= 2.2.3.0, < 3.0)
      powerpack (~> 0.1)
      rainbow (>= 1.99.1, < 3.0)
      ruby-progressbar (~> 1.7)
      tins (<= 1.6.0)
    ruby-progressbar (1.7.5)
    ruby2ruby (2.2.0)
      ruby_parser (~> 3.1)
      sexp_processor (~> 4.0)
    ruby_parser (3.7.2)
      sexp_processor (~> 4.1)
    safe_yaml (1.0.4)
    sass (3.4.20)
    sass-rails (5.0.1)
      railties (>= 4.0.0, < 5.0)
      sass (~> 3.1)
      sprockets (>= 2.8, < 4.0)
      sprockets-rails (>= 2.0, < 4.0)
      tilt (~> 1.1)
    sexp_processor (4.6.0)
    shellany (0.0.1)
    simplecov (0.11.1)
      docile (~> 1.1.0)
      json (~> 1.8)
      simplecov-html (~> 0.10.0)
    simplecov-html (0.10.0)
    simplecov-rcov (0.2.3)
      simplecov (>= 0.4.1)
    slack-api (1.2.1)
      faraday (>= 0.7, < 0.10)
      faraday_middleware (~> 0.8)
      faye-websocket (~> 0.9.2)
      multi_json (~> 1.0, >= 1.0.3)
    slack_markdown (0.1.2)
      escape_utils (~> 1.0.1)
      gemoji (~> 2.1.0)
      html-pipeline (~> 1.11.0)
    slim (3.0.6)
      temple (~> 0.7.3)
      tilt (>= 1.3.3, < 2.1)
    slim-rails (3.0.1)
      actionmailer (>= 3.1, < 5.0)
      actionpack (>= 3.1, < 5.0)
      activesupport (>= 3.1, < 5.0)
      railties (>= 3.1, < 5.0)
      slim (~> 3.0)
    slop (3.6.0)
    spring (1.6.0)
    spring-commands-rspec (1.0.4)
      spring (>= 0.9.1)
    sprockets (2.12.4)
      hike (~> 1.2)
      multi_json (~> 1.0)
      rack (~> 1.0)
      tilt (~> 1.1, != 1.3.0)
    sprockets-rails (2.3.3)
      actionpack (>= 3.0)
      activesupport (>= 3.0)
      sprockets (>= 2.8, < 4.0)
    sprockets-redirect (0.3.0)
      activesupport (>= 3.1.0)
      rack
    tapp (1.5.0)
      thor
    temple (0.7.6)
    terminal-table (1.5.2)
    therubyracer (0.12.2)
      libv8 (~> 3.16.14.0)
      ref
    thin (1.6.4)
      daemons (~> 1.0, >= 1.0.9)
      eventmachine (~> 1.0, >= 1.0.4)
      rack (~> 1.0)
    thor (0.19.1)
    thread_safe (0.3.5)
    tilt (1.4.1)
    tins (1.6.0)
    tzinfo (1.2.2)
      thread_safe (~> 0.1)
    uglifier (2.7.2)
      execjs (>= 0.3.0)
      json (>= 1.8.0)
    uniform_notifier (1.9.0)
    webmock (1.22.3)
      addressable (>= 2.3.6)
      crack (>= 0.3.2)
      hashdiff
    websocket-driver (0.6.3)
      websocket-extensions (>= 0.1.0)
    websocket-extensions (0.1.2)
    yard (0.8.7.6)

PLATFORMS
  ruby

DEPENDENCIES
  bson_ext
  compass-rails (~> 2.0.4)
  dotenv-rails
  draper
  eventmachine
  faker
  font-awesome-sass
  gemoji
  ikazuchi
  jquery-rails
  mongoid (~> 5.0.0)
  omniauth
  omniauth-slack
  puma
  rails (= 4.2.0)
  rails-i18n (~> 4.0.0)
  rails_12factor
  redis-rails
  sass-rails (= 5.0.1)
  slack-api
  slack_markdown
  slim-rails
  sprockets-rails
  sprockets-redirect
  therubyracer
  thin
  uglifier (>= 1.3.0)
  webmock

RUBY VERSION
   ruby 2.2.4p230

BUNDLED WITH
   1.14.6
